
Microsoft Visual Studio Solution File, Format Version 12.00
# Visual Studio Version 16
VisualStudioVersion = 16.0.30517.126
MinimumVisualStudioVersion = 10.0.40219.1
Project("{FAE04EC0-301F-11D3-BF4B-00C04F79EFBC}") = "CandidateApi", "CandidateApi.csproj", "{F360D55E-481F-41B7-BAEA-4A3F5CADC52F}"
EndProject
Global
	GlobalSection(SolutionConfigurationPlatforms) = preSolution
		Debug|Any CPU = Debug|Any CPU
		Release|Any CPU = Release|Any CPU
	EndGlobalSection
	GlobalSection(ProjectConfigurationPlatforms) = postSolution
		{F360D55E-481F-41B7-BAEA-4A3F5CADC52F}.Debug|Any CPU.ActiveCfg = Debug|Any CPU
		{F360D55E-481F-41B7-BAEA-4A3F5CADC52F}.Debug|Any CPU.Build.0 = Debug|Any CPU
		{F360D55E-481F-41B7-BAEA-4A3F5CADC52F}.Release|Any CPU.ActiveCfg = Release|Any CPU
		{F360D55E-481F-41B7-BAEA-4A3F5CADC52F}.Release|Any CPU.Build.0 = Release|Any CPU
	EndGlobalSection
	GlobalSection(SolutionProperties) = preSolution
		HideSolutionNode = FALSE
	EndGlobalSection
	GlobalSection(ExtensibilityGlobals) = postSolution
		SolutionGuid = {82BB1D59-D345-4DB3-B746-78ADE1C96DB9}
	EndGlobalSection
EndGlobal
